
Microsoft Visual Studio Solution File, Format Version 12.00
# Visual Studio Version 16
VisualStudioVersion = 16.0.29519.181
MinimumVisualStudioVersion = 10.0.40219.1
Project("{FAE04EC0-301F-11D3-BF4B-00C04F79EFBC}") = "elbbp_core", "elbbp_core\elbbp_core.csproj", "{F591DF1A-8801-4A10-96B6-3F22E264AFF4}"
EndProject
Project("{FAE04EC0-301F-11D3-BF4B-00C04F79EFBC}") = "elbbp_ui", "elbbp_ui\elbbp_ui.csproj", "{7D66FF4E-9AE1-43BA-9972-02C8A21B151A}"
EndProject
Global
	GlobalSection(SolutionConfigurationPlatforms) = preSolution
		Debug|Any CPU = Debug|Any CPU
		Release|Any CPU = Release|Any CPU
	EndGlobalSection
	GlobalSection(ProjectConfigurationPlatforms) = postSolution
		{F591DF1A-8801-4A10-96B6-3F22E264AFF4}.Debug|Any CPU.ActiveCfg = Debug|Any CPU
		{F591DF1A-8801-4A10-96B6-3F22E264AFF4}.Debug|Any CPU.Build.0 = Debug|Any CPU
		{F591DF1A-8801-4A10-96B6-3F22E264AFF4}.Release|Any CPU.ActiveCfg = Release|Any CPU
		{F591DF1A-8801-4A10-96B6-3F22E264AFF4}.Release|Any CPU.Build.0 = Release|Any CPU
		{7D66FF4E-9AE1-43BA-9972-02C8A21B151A}.Debug|Any CPU.ActiveCfg = Debug|Any CPU
		{7D66FF4E-9AE1-43BA-9972-02C8A21B151A}.Debug|Any CPU.Build.0 = Debug|Any CPU
		{7D66FF4E-9AE1-43BA-9972-02C8A21B151A}.Release|Any CPU.ActiveCfg = Release|Any CPU
		{7D66FF4E-9AE1-43BA-9972-02C8A21B151A}.Release|Any CPU.Build.0 = Release|Any CPU
	EndGlobalSection
	GlobalSection(SolutionProperties) = preSolution
		HideSolutionNode = FALSE
	EndGlobalSection
	GlobalSection(ExtensibilityGlobals) = postSolution
		SolutionGuid = {A7857328-CF51-4C78-9F3C-84730CF11D35}
	EndGlobalSection
EndGlobal
